# This file is autogenerated, do not edit; changes may be undone by the next 'dep ensure'.


[[projects]]
  digest = "1:a3ecaca3331c6759a78e95bf63622d91ee5db3f68c2c5f6f9b3637a06ef58805"
  name = "github.com/alexflint/go-arg"
  packages = ["."]
  pruneopts = "UT"
  revision = "cef6506c97e5731da728c374ff3523e481026423"

[[projects]]
  branch = "master"
  digest = "1:e36bd4aac23f7b8cafe074ed789b89d673f88d14443a230d3982a694704d121b"
  name = "github.com/alexflint/go-scalar"
  packages = ["."]
  pruneopts = "UT"
  revision = "e80c3b7ed292b052c7083b6fd7154a8422c33f65"

[[projects]]
  digest = "1:a2c1d0e43bd3baaa071d1b9ed72c27d78169b2b269f71c105ac4ba34b1be4a39"
  name = "github.com/davecgh/go-spew"
  packages = ["spew"]
  pruneopts = "UT"
  revision = "346938d642f2ec3594ed81d874461961cd0faa76"
  version = "v1.1.0"

[[projects]]
  digest = "1:2d56bacb8cef1c533bc9e6e93aa514bd5e6c90527fa30270c48fde0b85fd6ee3"
  name = "github.com/go-sql-driver/mysql"
  packages = ["."]
  pruneopts = "UT"
  revision = "2e00b5cd70399450106cec6431c2e2ce3cae5034"

[[projects]]
  branch = "v1"
  digest = "1:9e000d1431fc4292dffd1c0366b402824ae6bf9565719a8668d231d1e7cb1aba"
  name = "github.com/gocarina/gocsv"
  packages = ["."]
  pruneopts = "UT"
  revision = "969d2591760342372bc3cc3e5c3596995c0c73a6"

[[projects]]
  branch = "master"
  digest = "1:243276e83547cc376508850cdd633a59af81905fd1c7d5447838bcc9a0b14dbb"
  name = "github.com/lunny/log"
  packages = ["."]
  pruneopts = "UT"
  revision = "7887c61bf0de75586961948b286be6f7d05d9f58"

[[projects]]
  digest = "1:e60801113ab9920bda6bb7eaa61a9f7d76bf7762ba09983c95c0ac366f6bf3f6"
  name = "github.com/mattn/go-sqlite3"
  packages = ["."]
  pruneopts = "UT"
  revision = "7ed900a7c4cc22315a007cc49821cce3baa7be0f"

[[projects]]
  digest = "1:0028cb19b2e4c3112225cd871870f2d9cf49b9b4276531f03438a88e94be86fe"
  name = "github.com/pmezard/go-difflib"
  packages = ["difflib"]
  pruneopts = "UT"
  revision = "792786c7400a136282c1664665ae0a8db921c6c2"
  version = "v1.0.0"

[[projects]]
  digest = "1:0d05cf4475399f9da0a063c3263953907b151375950dbf4230a82517c842d1ac"
  name = "github.com/rubenv/sql-migrate"
  packages = [
    ".",
    "sqlparse",
  ]
  pruneopts = "UT"
  revision = "1ed79968dfca5de79adb13c84523caaa4fc865a9"

[[projects]]
  digest = "1:ec7c0f855d863088699f004b2975275bcef2fd53d6c5150a0cb32f70fbc0f79a"
  name = "github.com/russross/meddler"
  packages = ["."]
  pruneopts = "UT"
  revision = "9515f6b01c158e6a98939d1ddfddb8a05544e08d"

[[projects]]
  digest = "1:38bd78a1b1c018fd71f17abcfe4b5fde0c0240b96c5b107ede13073081997de5"
  name = "github.com/stretchr/testify"
  packages = [
    "assert",
    "require",
  ]
  pruneopts = "UT"
  revision = "4d4bfba8f1d1027c4fdbe371823030df51419987"

[[projects]]
  digest = "1:041166c169a282ba0a651bf107ac5395fef8b98fdca38cb3e4ed4cac15761c56"
  name = "golang.org/x/net"
  packages = ["context"]
  pruneopts = "UT"
  revision = "f2499483f923065a842d38eb4c7f1927e6fc6e6d"

[[projects]]
  digest = "1:2dcbd04830f9fdf66ba81f847ccb668eca8896f0622b9b73c91794688e5ff9e7"
  name = "golang.org/x/text"
  packages = [
    "encoding",
    "encoding/charmap",
    "encoding/internal",
    "encoding/internal/identifier",
    "internal/gen",
    "transform",
    "unicode/cldr",
  ]
  pruneopts = "UT"
  revision = "44f4f658a783b0cee41fe0a23b8fc91d9c120558"

[[projects]]
  digest = "1:fa9a7c0ef59217bd22f32eb7cc027894d73f340a5633258cc079dec025db6a7f"
  name = "gopkg.in/gorp.v1"
  packages = ["."]
  pruneopts = "UT"
  revision = "c87af80f3cc5036b55b83d77171e156791085e2e"
  version = "v1.7.1"

[solve-meta]
  analyzer-name = "dep"
  analyzer-version = 1
  input-imports = [
    "github.com/alexflint/go-arg",
    "github.com/go-sql-driver/mysql",
    "github.com/gocarina/gocsv",
    "github.com/lunny/log",
    "github.com/mattn/go-sqlite3",
    "github.com/rubenv/sql-migrate",
    "github.com/russross/meddler",
    "github.com/stretchr/testify/require",
    "golang.org/x/text/encoding",
    "golang.org/x/text/encoding/charmap",
  ]
  solver-name = "gps-cdcl"
  solver-version = 1
